
Microsoft Visual Studio Solution File, Format Version 12.00
# Visual Studio Version 16
VisualStudioVersion = 16.0.30323.103
MinimumVisualStudioVersion = 15.0.26124.0
Project("{9A19103F-16F7-4668-BE54-9A1E7A4F7556}") = "Mockery.Lamar", "src\Mockery.Lamar.csproj", "{71B1B1DD-2F62-4F5D-9856-B6C48D7812B3}"
EndProject
Project("{9A19103F-16F7-4668-BE54-9A1E7A4F7556}") = "Mockery.Lamar.Test", "test\Mockery.Lamar.Test.csproj", "{3FFA9F4A-052C-416C-9A32-6CF93DD18A5A}"
EndProject
Project("{2150E333-8FDC-42A3-9474-1A3956D46DE8}") = "Solution Items", "Solution Items", "{51EAF218-44BC-48D6-88B1-EBA1FD2D7697}"
	ProjectSection(SolutionItems) = preProject
		.editorconfig = .editorconfig
		.gitignore = .gitignore
		LICENSE = LICENSE
		README.md = README.md
	EndProjectSection
EndProject
Global
	GlobalSection(SolutionConfigurationPlatforms) = preSolution
		Debug|Any CPU = Debug|Any CPU
		Debug|x64 = Debug|x64
		Debug|x86 = Debug|x86
		Release|Any CPU = Release|Any CPU
		Release|x64 = Release|x64
		Release|x86 = Release|x86
	EndGlobalSection
	GlobalSection(ProjectConfigurationPlatforms) = postSolution
		{71B1B1DD-2F62-4F5D-9856-B6C48D7812B3}.Debug|Any CPU.ActiveCfg = Debug|Any CPU
		{71B1B1DD-2F62-4F5D-9856-B6C48D7812B3}.Debug|Any CPU.Build.0 = Debug|Any CPU
		{71B1B1DD-2F62-4F5D-9856-B6C48D7812B3}.Debug|x64.ActiveCfg = Debug|Any CPU
		{71B1B1DD-2F62-4F5D-9856-B6C48D7812B3}.Debug|x64.Build.0 = Debug|Any CPU
		{71B1B1DD-2F62-4F5D-9856-B6C48D7812B3}.Debug|x86.ActiveCfg = Debug|Any CPU
		{71B1B1DD-2F62-4F5D-9856-B6C48D7812B3}.Debug|x86.Build.0 = Debug|Any CPU
		{71B1B1DD-2F62-4F5D-9856-B6C48D7812B3}.Release|Any CPU.ActiveCfg = Release|Any CPU
		{71B1B1DD-2F62-4F5D-9856-B6C48D7812B3}.Release|Any CPU.Build.0 = Release|Any CPU
		{71B1B1DD-2F62-4F5D-9856-B6C48D7812B3}.Release|x64.ActiveCfg = Release|Any CPU
		{71B1B1DD-2F62-4F5D-9856-B6C48D7812B3}.Release|x64.Build.0 = Release|Any CPU
		{71B1B1DD-2F62-4F5D-9856-B6C48D7812B3}.Release|x86.ActiveCfg = Release|Any CPU
		{71B1B1DD-2F62-4F5D-9856-B6C48D7812B3}.Release|x86.Build.0 = Release|Any CPU
		{3FFA9F4A-052C-416C-9A32-6CF93DD18A5A}.Debug|Any CPU.ActiveCfg = Debug|Any CPU
		{3FFA9F4A-052C-416C-9A32-6CF93DD18A5A}.Debug|Any CPU.Build.0 = Debug|Any CPU
		{3FFA9F4A-052C-416C-9A32-6CF93DD18A5A}.Debug|x64.ActiveCfg = Debug|Any CPU
		{3FFA9F4A-052C-416C-9A32-6CF93DD18A5A}.Debug|x64.Build.0 = Debug|Any CPU
		{3FFA9F4A-052C-416C-9A32-6CF93DD18A5A}.Debug|x86.ActiveCfg = Debug|Any CPU
		{3FFA9F4A-052C-416C-9A32-6CF93DD18A5A}.Debug|x86.Build.0 = Debug|Any CPU
		{3FFA9F4A-052C-416C-9A32-6CF93DD18A5A}.Release|Any CPU.ActiveCfg = Release|Any CPU
		{3FFA9F4A-052C-416C-9A32-6CF93DD18A5A}.Release|Any CPU.Build.0 = Release|Any CPU
		{3FFA9F4A-052C-416C-9A32-6CF93DD18A5A}.Release|x64.ActiveCfg = Release|Any CPU
		{3FFA9F4A-052C-416C-9A32-6CF93DD18A5A}.Release|x64.Build.0 = Release|Any CPU
		{3FFA9F4A-052C-416C-9A32-6CF93DD18A5A}.Release|x86.ActiveCfg = Release|Any CPU
		{3FFA9F4A-052C-416C-9A32-6CF93DD18A5A}.Release|x86.Build.0 = Release|Any CPU
	EndGlobalSection
	GlobalSection(SolutionProperties) = preSolution
		HideSolutionNode = FALSE
	EndGlobalSection
	GlobalSection(ExtensibilityGlobals) = postSolution
		SolutionGuid = {C28370D1-04A6-444D-B53F-E30F4D4269A3}
	EndGlobalSection
EndGlobal
